
Microsoft Visual Studio Solution File, Format Version 11.00
# Visual Studio 2010
Project("{8BC9CEB8-8B4A-11D0-8D11-00A0C91BC942}") = "GamesProgramming", "GamesProgramming\GamesProgramming.vcxproj", "{A28A1D71-3D6E-47E8-96F4-B70AA76BE83C}"
EndProject
Global
	GlobalSection(SolutionConfigurationPlatforms) = preSolution
		Debug|Win32 = Debug|Win32
		Release|Win32 = Release|Win32
	EndGlobalSection
	GlobalSection(ProjectConfigurationPlatforms) = postSolution
		{A28A1D71-3D6E-47E8-96F4-B70AA76BE83C}.Debug|Win32.ActiveCfg = Debug|Win32
		{A28A1D71-3D6E-47E8-96F4-B70AA76BE83C}.Debug|Win32.Build.0 = Debug|Win32
		{A28A1D71-3D6E-47E8-96F4-B70AA76BE83C}.Release|Win32.ActiveCfg = Release|Win32
		{A28A1D71-3D6E-47E8-96F4-B70AA76BE83C}.Release|Win32.Build.0 = Release|Win32
	EndGlobalSection
	GlobalSection(SolutionProperties) = preSolution
		HideSolutionNode = FALSE
	EndGlobalSection
EndGlobal
